
Microsoft Visual Studio Solution File, Format Version 12.00
# Visual Studio Version 17
VisualStudioVersion = 17.11.35312.102
MinimumVisualStudioVersion = 10.0.40219.1
Project("{FAE04EC0-301F-11D3-BF4B-00C04F79EFBC}") = "ConsoleApp5", "ConsoleApp5.csproj", "{D18FB4D5-28EF-439D-90A0-BCA9F8D06181}"
EndProject
Global
	GlobalSection(SolutionConfigurationPlatforms) = preSolution
		Debug|Any CPU = Debug|Any CPU
		Release|Any CPU = Release|Any CPU
	EndGlobalSection
	GlobalSection(ProjectConfigurationPlatforms) = postSolution
		{D18FB4D5-28EF-439D-90A0-BCA9F8D06181}.Debug|Any CPU.ActiveCfg = Debug|Any CPU
		{D18FB4D5-28EF-439D-90A0-BCA9F8D06181}.Debug|Any CPU.Build.0 = Debug|Any CPU
		{D18FB4D5-28EF-439D-90A0-BCA9F8D06181}.Release|Any CPU.ActiveCfg = Release|Any CPU
		{D18FB4D5-28EF-439D-90A0-BCA9F8D06181}.Release|Any CPU.Build.0 = Release|Any CPU
	EndGlobalSection
	GlobalSection(SolutionProperties) = preSolution
		HideSolutionNode = FALSE
	EndGlobalSection
	GlobalSection(ExtensibilityGlobals) = postSolution
		SolutionGuid = {FED7EB9A-2CD0-48FB-87F1-5AC731A83013}
	EndGlobalSection
EndGlobal
